
Microsoft Visual Studio Solution File, Format Version 12.00
# Visual Studio 15
VisualStudioVersion = 15.0.28307.1231
MinimumVisualStudioVersion = 10.0.40219.1
Project("{8BC9CEB8-8B4A-11D0-8D11-00A0C91BC942}") = "Project1014", "Project1014\Project1014.vcxproj", "{EE325533-A564-4F17-B5E5-5F84B38155B7}"
EndProject
Global
	GlobalSection(SolutionConfigurationPlatforms) = preSolution
		Debug|x64 = Debug|x64
		Debug|x86 = Debug|x86
		Release|x64 = Release|x64
		Release|x86 = Release|x86
	EndGlobalSection
	GlobalSection(ProjectConfigurationPlatforms) = postSolution
		{EE325533-A564-4F17-B5E5-5F84B38155B7}.Debug|x64.ActiveCfg = Debug|x64
		{EE325533-A564-4F17-B5E5-5F84B38155B7}.Debug|x64.Build.0 = Debug|x64
		{EE325533-A564-4F17-B5E5-5F84B38155B7}.Debug|x86.ActiveCfg = Debug|Win32
		{EE325533-A564-4F17-B5E5-5F84B38155B7}.Debug|x86.Build.0 = Debug|Win32
		{EE325533-A564-4F17-B5E5-5F84B38155B7}.Release|x64.ActiveCfg = Release|x64
		{EE325533-A564-4F17-B5E5-5F84B38155B7}.Release|x64.Build.0 = Release|x64
		{EE325533-A564-4F17-B5E5-5F84B38155B7}.Release|x86.ActiveCfg = Release|Win32
		{EE325533-A564-4F17-B5E5-5F84B38155B7}.Release|x86.Build.0 = Release|Win32
	EndGlobalSection
	GlobalSection(SolutionProperties) = preSolution
		HideSolutionNode = FALSE
	EndGlobalSection
	GlobalSection(ExtensibilityGlobals) = postSolution
		SolutionGuid = {7570D73B-9445-47C4-8B8A-C24A7D507671}
	EndGlobalSection
EndGlobal
